<?xml version="1.0" encoding="utf-8"?>
<Project ToolsVersion="4.0" xmlns="http://schemas.microsoft.com/developer/msbuild/2003">
  <ItemGroup>
    <Filter Include="소스 파일">
      <UniqueIdentifier>{4FC737F1-C7A5-4376-A066-2A32D752A2FF}</UniqueIdentifier>
      <Extensions>cpp;c;cc;cxx;c++;cppm;ixx;def;odl;idl;hpj;bat;asm;asmx</Extensions>
    </Filter>
    <Filter Include="헤더 파일">
      <UniqueIdentifier>{93995380-89BD-4b04-88EB-625FBE52EBFB}</UniqueIdentifier>
      <Extensions>h;hh;hpp;hxx;h++;hm;inl;inc;ipp;xsd</Extensions>
    </Filter>
    <Filter Include="리소스 파일">
      <UniqueIdentifier>{67DA6AB6-F800-4c08-8B7A-83BB121AAD01}</UniqueIdentifier>
      <Extensions>rc;ico;cur;bmp;dlg;rc2;rct;bin;rgs;gif;jpg;jpeg;jpe;resx;tiff;tif;png;wav;mfcribbon-ms</Extensions>
    </Filter>
  </ItemGroup>
  <ItemGroup>
    <ClInclude Include="framework.h">
      <Filter>헤더 파일</Filter>
    </ClInclude>
    <ClInclude Include="pch.h">
      <Filter>헤더 파일</Filter>
    </ClInclude>
    <ClInclude Include="CObHost.h">
      <Filter>헤더 파일</Filter>
    </ClInclude>
    <ClInclude Include="CObUserInfo.h">
      <Filter>헤더 파일</Filter>
    </ClInclude>
    <ClInclude Include="OBHostAPI.h">
      <Filter>헤더 파일</Filter>
    </ClInclude>
    <ClInclude Include="FlatBufPacket.h">
      <Filter>헤더 파일</Filter>
    </ClInclude>
    <ClInclude Include="FlatBufPacketImplement.h">
      <Filter>헤더 파일</Filter>
    </ClInclude>
    <ClInclude Include="FlatBufProtocol.h">
      <Filter>헤더 파일</Filter>
    </ClInclude>
    <ClInclude Include="PacketBase.h">
      <Filter>헤더 파일</Filter>
    </ClInclude>
    <ClInclude Include="PacketImplement.h">
      <Filter>헤더 파일</Filter>
    </ClInclude>
    <ClInclude Include="PacketImplement.hpp">
      <Filter>헤더 파일</Filter>
    </ClInclude>
    <ClInclude Include="HostDefine.h">
      <Filter>헤더 파일</Filter>
    </ClInclude>
    <ClInclude Include="HostTypeDefine.h">
      <Filter>헤더 파일</Filter>
    </ClInclude>
    <ClInclude Include="HeaderDefine.h">
      <Filter>헤더 파일</Filter>
    </ClInclude>
    <ClInclude Include="HostStruct.h">
      <Filter>헤더 파일</Filter>
    </ClInclude>
    <ClInclude Include="HostCommonData.h">
      <Filter>헤더 파일</Filter>
    </ClInclude>
    <ClInclude Include="HostEnum.h">
      <Filter>헤더 파일</Filter>
    </ClInclude>
  </ItemGroup>
  <ItemGroup>
    <ClCompile Include="dllmain.cpp">
      <Filter>소스 파일</Filter>
    </ClCompile>
    <ClCompile Include="pch.cpp">
      <Filter>소스 파일</Filter>
    </ClCompile>
    <ClCompile Include="CObHost.cpp">
      <Filter>소스 파일</Filter>
    </ClCompile>
    <ClCompile Include="CObUserInfo.cpp">
      <Filter>소스 파일</Filter>
    </ClCompile>
    <ClCompile Include="OBHostAPI.cpp">
      <Filter>소스 파일</Filter>
    </ClCompile>
    <ClCompile Include="FlatBufPacketImplement.cpp">
      <Filter>소스 파일</Filter>
    </ClCompile>
    <ClCompile Include="FlatBufProtocol.cpp">
      <Filter>소스 파일</Filter>
    </ClCompile>
  </ItemGroup>
</Project>