<?xml version="1.0" encoding="utf-8"?>
<Project ToolsVersion="4.0" xmlns="http://schemas.microsoft.com/developer/msbuild/2003">
  <ItemGroup>
    <Filter Include="소스 파일">
      <UniqueIdentifier>{4FC737F1-C7A5-4376-A066-2A32D752A2FF}</UniqueIdentifier>
      <Extensions>cpp;c;cc;cxx;c++;cppm;ixx;def;odl;idl;hpj;bat;asm;asmx</Extensions>
    </Filter>
    <Filter Include="헤더 파일">
      <UniqueIdentifier>{93995380-89BD-4b04-88EB-625FBE52EBFB}</UniqueIdentifier>
      <Extensions>h;hh;hpp;hxx;h++;hm;inl;inc;ipp;xsd</Extensions>
    </Filter>
    <Filter Include="리소스 파일">
      <UniqueIdentifier>{67DA6AB6-F800-4c08-8B7A-83BB121AAD01}</UniqueIdentifier>
      <Extensions>rc;ico;cur;bmp;dlg;rc2;rct;bin;rgs;gif;jpg;jpeg;jpe;resx;tiff;tif;png;wav;mfcribbon-ms</Extensions>
    </Filter>
  </ItemGroup>
  <ItemGroup>
    <ClInclude Include="JxCylinder.h">
      <Filter>헤더 파일</Filter>
    </ClInclude>
    <ClInclude Include="JxFiPlane.h">
      <Filter>헤더 파일</Filter>
    </ClInclude>
    <ClInclude Include="JxIControllerHitReport.h">
      <Filter>헤더 파일</Filter>
    </ClInclude>
    <ClInclude Include="JxInPlane.h">
      <Filter>헤더 파일</Filter>
    </ClInclude>
    <ClInclude Include="JxPhysics.h">
      <Filter>헤더 파일</Filter>
    </ClInclude>
    <ClInclude Include="JxScene.h">
      <Filter>헤더 파일</Filter>
    </ClInclude>
    <ClInclude Include="JxSphere.h">
      <Filter>헤더 파일</Filter>
    </ClInclude>
    <ClInclude Include="JxTorus.h">
      <Filter>헤더 파일</Filter>
    </ClInclude>
    <ClInclude Include="JxUserContactReport.h">
      <Filter>헤더 파일</Filter>
    </ClInclude>
    <ClInclude Include="JxUtill.h">
      <Filter>헤더 파일</Filter>
    </ClInclude>
    <ClInclude Include="LogActor.h">
      <Filter>헤더 파일</Filter>
    </ClInclude>
    <ClInclude Include="ContactReport.h">
      <Filter>헤더 파일</Filter>
    </ClInclude>
    <ClInclude Include="JxField.h">
      <Filter>헤더 파일</Filter>
    </ClInclude>
    <ClInclude Include="GPSActor.h">
      <Filter>헤더 파일</Filter>
    </ClInclude>
    <ClInclude Include="ICallBackGPS2.h">
      <Filter>헤더 파일</Filter>
    </ClInclude>
    <ClInclude Include="ICallBackJPS.h">
      <Filter>헤더 파일</Filter>
    </ClInclude>
    <ClInclude Include="JBallActor.h">
      <Filter>헤더 파일</Filter>
    </ClInclude>
    <ClInclude Include="JEnviroment.h">
      <Filter>헤더 파일</Filter>
    </ClInclude>
    <ClInclude Include="JOMath3d.h">
      <Filter>헤더 파일</Filter>
    </ClInclude>
    <ClInclude Include="JPhysicActor.h">
      <Filter>헤더 파일</Filter>
    </ClInclude>
    <ClInclude Include="JPhysics.h">
      <Filter>헤더 파일</Filter>
    </ClInclude>
    <ClInclude Include="JPlaneActor.h">
      <Filter>헤더 파일</Filter>
    </ClInclude>
    <ClInclude Include="JPSApi.h">
      <Filter>헤더 파일</Filter>
    </ClInclude>
    <ClInclude Include="JPSystem.h">
      <Filter>헤더 파일</Filter>
    </ClInclude>
    <ClInclude Include="JVECTOR.h">
      <Filter>헤더 파일</Filter>
    </ClInclude>
    <ClInclude Include="JxActors.h">
      <Filter>헤더 파일</Filter>
    </ClInclude>
    <ClInclude Include="JxController.h">
      <Filter>헤더 파일</Filter>
    </ClInclude>
    <ClInclude Include="JxControllerManager.h">
      <Filter>헤더 파일</Filter>
    </ClInclude>
    <ClInclude Include="JxBox.h">
      <Filter>헤더 파일</Filter>
    </ClInclude>
    <ClInclude Include="F4GoalInChecker.h">
      <Filter>헤더 파일</Filter>
    </ClInclude>
  </ItemGroup>
  <ItemGroup>
    <ClCompile Include="JxField.cpp">
      <Filter>소스 파일</Filter>
    </ClCompile>
    <ClCompile Include="GPSActor.cpp">
      <Filter>소스 파일</Filter>
    </ClCompile>
    <ClCompile Include="JBallActor.cpp">
      <Filter>소스 파일</Filter>
    </ClCompile>
    <ClCompile Include="JOMath3d.cpp">
      <Filter>소스 파일</Filter>
    </ClCompile>
    <ClCompile Include="JPhysicActor.cpp">
      <Filter>소스 파일</Filter>
    </ClCompile>
    <ClCompile Include="JPhysics.cpp">
      <Filter>소스 파일</Filter>
    </ClCompile>
    <ClCompile Include="JPlaneActor.cpp">
      <Filter>소스 파일</Filter>
    </ClCompile>
    <ClCompile Include="JPSApi.cpp">
      <Filter>소스 파일</Filter>
    </ClCompile>
    <ClCompile Include="JPSystem.cpp">
      <Filter>소스 파일</Filter>
    </ClCompile>
    <ClCompile Include="JVECTOR.cpp">
      <Filter>소스 파일</Filter>
    </ClCompile>
    <ClCompile Include="JxActors.cpp">
      <Filter>소스 파일</Filter>
    </ClCompile>
    <ClCompile Include="JxController.cpp">
      <Filter>소스 파일</Filter>
    </ClCompile>
    <ClCompile Include="JxControllerManager.cpp">
      <Filter>소스 파일</Filter>
    </ClCompile>
    <ClCompile Include="JxCylinder.cpp">
      <Filter>소스 파일</Filter>
    </ClCompile>
    <ClCompile Include="JxFiPlane.cpp">
      <Filter>소스 파일</Filter>
    </ClCompile>
    <ClCompile Include="JxInPlane.cpp">
      <Filter>소스 파일</Filter>
    </ClCompile>
    <ClCompile Include="JxPhysics.cpp">
      <Filter>소스 파일</Filter>
    </ClCompile>
    <ClCompile Include="JxScene.cpp">
      <Filter>소스 파일</Filter>
    </ClCompile>
    <ClCompile Include="JxSphere.cpp">
      <Filter>소스 파일</Filter>
    </ClCompile>
    <ClCompile Include="JxTorus.cpp">
      <Filter>소스 파일</Filter>
    </ClCompile>
    <ClCompile Include="JxUserContactReport.cpp">
      <Filter>소스 파일</Filter>
    </ClCompile>
    <ClCompile Include="LogActor.cpp">
      <Filter>소스 파일</Filter>
    </ClCompile>
    <ClCompile Include="JxBox.cpp">
      <Filter>소스 파일</Filter>
    </ClCompile>
    <ClCompile Include="F4GoalInChecker.cpp">
      <Filter>소스 파일</Filter>
    </ClCompile>
  </ItemGroup>
</Project>